lockfileVersion: 5.4

importers:

  examples/ssr:
    specifiers: {}

  packages/integrations/layer0:
    specifiers:
      '@astrojs/webapi': ^0.11.1
      astro: workspace:*
      astro-scripts: workspace:*
      pkg-types: ^0.3.2
    dependencies:
      '@astrojs/webapi': 0.11.1
    devDependencies:
      astro: link:../../astro
      astro-scripts: link:../../../scripts
      pkg-types: 0.3.2

packages:

  /@astrojs/webapi/0.11.1:
    resolution: {integrity: sha512-pZXhYWz1C4dOAznnO1Qst58O+iZfkzn5QypiH4xHVl5GU9gkbq/mAJ/wZ34127GayF4AnCZO37DMlTOLR4fBAQ==}
    dev: false

  /jsonc-parser/3.0.0:
    resolution: {integrity: sha512-fQzRfAbIBnR0IQvftw9FJveWiHp72Fg20giDrHz6TdfB12UH/uue0D3hm57UB5KgAVuniLMCaS8P1IMj9NR7cA==}
    dev: true

  /mlly/0.3.19:
    resolution: {integrity: sha512-zMq5n3cOf4fOzA4WoeulxagbAgMChdev3MgP6K51k7M0u2whTXxupfIY4VVzws4vxkiWhwH1rVQcsw7zDGfRhA==}
    dev: true

  /pathe/0.2.0:
    resolution: {integrity: sha512-sTitTPYnn23esFR3RlqYBWn4c45WGeLcsKzQiUpXJAyfcWkolvlYpV8FLo7JishK946oQwMFUCHXQ9AjGPKExw==}
    dev: true

  /pkg-types/0.3.2:
    resolution: {integrity: sha512-eBYzX/7NYsQEOR2alWY4rnQB49G62oHzFpoi9Som56aUr8vB8UGcmcIia9v8fpBeuhH3Ltentuk2OGpp4IQV3Q==}
    dependencies:
      jsonc-parser: 3.0.0
      mlly: 0.3.19
      pathe: 0.2.0
    dev: true
