{
  "name": "@astro-vscode/server",
  "version": "0.1.0",
  "lockfileVersion": 1,
  "requires": true,
  "dependencies": {
    "@emmetio/abbreviation": {
      "version": "2.2.2",
      "resolved": "https://registry.npmjs.org/@emmetio/abbreviation/-/abbreviation-2.2.2.tgz",
      "integrity": "sha512-TtE/dBnkTCct8+LntkqVrwqQao6EnPAs1YN3cUgxOxTaBlesBCY37ROUAVZrRlG64GNnVShdl/b70RfAI3w5lw==",
      "requires": {
        "@emmetio/scanner": "^1.0.0"
      }
    },
    "@emmetio/css-abbreviation": {
      "version": "2.1.4",
      "resolved": "https://registry.npmjs.org/@emmetio/css-abbreviation/-/css-abbreviation-2.1.4.tgz",
      "integrity": "sha512-qk9L60Y+uRtM5CPbB0y+QNl/1XKE09mSO+AhhSauIfr2YOx/ta3NJw2d8RtCFxgzHeRqFRr8jgyzThbu+MZ4Uw==",
      "requires": {
        "@emmetio/scanner": "^1.0.0"
      }
    },
    "@emmetio/scanner": {
      "version": "1.0.0",
      "resolved": "https://registry.npmjs.org/@emmetio/scanner/-/scanner-1.0.0.tgz",
      "integrity": "sha512-8HqW8EVqjnCmWXVpqAOZf+EGESdkR27odcMMMGefgKXtar00SoYNSryGv//TELI4T3QFsECo78p+0lmalk/CFA=="
    },
    "astro": {
      "version": "file:../..",
      "dev": true,
      "requires": {
        "vscode-emmet-helper": "2.1.2",
        "vscode-html-languageservice": "^3.0.3"
      },
      "dependencies": {
        "@emmetio/abbreviation": {
          "version": "2.2.2",
          "resolved": "https://registry.npmjs.org/@emmetio/abbreviation/-/abbreviation-2.2.2.tgz",
          "integrity": "sha512-TtE/dBnkTCct8+LntkqVrwqQao6EnPAs1YN3cUgxOxTaBlesBCY37ROUAVZrRlG64GNnVShdl/b70RfAI3w5lw==",
          "dev": true,
          "requires": {
            "@emmetio/scanner": "^1.0.0"
          }
        },
        "@emmetio/css-abbreviation": {
          "version": "2.1.4",
          "resolved": "https://registry.npmjs.org/@emmetio/css-abbreviation/-/css-abbreviation-2.1.4.tgz",
          "integrity": "sha512-qk9L60Y+uRtM5CPbB0y+QNl/1XKE09mSO+AhhSauIfr2YOx/ta3NJw2d8RtCFxgzHeRqFRr8jgyzThbu+MZ4Uw==",
          "dev": true,
          "requires": {
            "@emmetio/scanner": "^1.0.0"
          }
        },
        "@emmetio/scanner": {
          "version": "1.0.0",
          "resolved": "https://registry.npmjs.org/@emmetio/scanner/-/scanner-1.0.0.tgz",
          "integrity": "sha512-8HqW8EVqjnCmWXVpqAOZf+EGESdkR27odcMMMGefgKXtar00SoYNSryGv//TELI4T3QFsECo78p+0lmalk/CFA==",
          "dev": true
        },
        "emmet": {
          "version": "2.3.4",
          "resolved": "https://registry.npmjs.org/emmet/-/emmet-2.3.4.tgz",
          "integrity": "sha512-3IqSwmO+N2ZGeuhDyhV/TIOJFUbkChi53bcasSNRE7Yd+4eorbbYz4e53TpMECt38NtYkZNupQCZRlwdAYA42A==",
          "dev": true,
          "requires": {
            "@emmetio/abbreviation": "^2.2.2",
            "@emmetio/css-abbreviation": "^2.1.4"
          }
        },
        "jsonc-parser": {
          "version": "2.3.1",
          "resolved": "https://registry.npmjs.org/jsonc-parser/-/jsonc-parser-2.3.1.tgz",
          "integrity": "sha512-H8jvkz1O50L3dMZCsLqiuB2tA7muqbSg1AtGEkN0leAqGjsUzDJir3Zwr02BhqdcITPg3ei3mZ+HjMocAknhhg==",
          "dev": true
        },
        "typescript": {
          "version": "4.2.3",
          "resolved": "https://registry.npmjs.org/typescript/-/typescript-4.2.3.tgz",
          "integrity": "sha512-qOcYwxaByStAWrBf4x0fibwZvMRG+r4cQoTjbPtUlrWjBHbmCAww1i448U0GJ+3cNNEtebDteo/cHOR3xJ4wEw=="
        },
        "vscode-emmet-helper": {
          "version": "2.1.2",
          "resolved": "https://registry.npmjs.org/vscode-emmet-helper/-/vscode-emmet-helper-2.1.2.tgz",
          "integrity": "sha512-Fy6UNawSgxE3Kuqi54vSXohf03iOIrp1A74ReAgzvGP9Yt7fUAvkqF6No2WAc34/w0oWAHAeqoBNqmKKWh6U5w==",
          "dev": true,
          "requires": {
            "emmet": "^2.1.5",
            "jsonc-parser": "^2.3.0",
            "vscode-languageserver-textdocument": "^1.0.1",
            "vscode-languageserver-types": "^3.15.1",
            "vscode-nls": "^5.0.0",
            "vscode-uri": "^2.1.2"
          }
        },
        "vscode-html-languageservice": {
          "version": "3.2.0",
          "resolved": "https://registry.npmjs.org/vscode-html-languageservice/-/vscode-html-languageservice-3.2.0.tgz",
          "integrity": "sha512-aLWIoWkvb5HYTVE0kI9/u3P0ZAJGrYOSAAE6L0wqB9radKRtbJNrF9+BjSUFyCgBdNBE/GFExo35LoknQDJrfw==",
          "dev": true,
          "requires": {
            "vscode-languageserver-textdocument": "^1.0.1",
            "vscode-languageserver-types": "3.16.0-next.2",
            "vscode-nls": "^5.0.0",
            "vscode-uri": "^2.1.2"
          },
          "dependencies": {
            "vscode-languageserver-types": {
              "version": "3.16.0-next.2",
              "resolved": "https://registry.npmjs.org/vscode-languageserver-types/-/vscode-languageserver-types-3.16.0-next.2.tgz",
              "integrity": "sha512-QjXB7CKIfFzKbiCJC4OWC8xUncLsxo19FzGVp/ADFvvi87PlmBSCAtZI5xwGjF5qE0xkLf0jjKUn3DzmpDP52Q==",
              "dev": true
            }
          }
        },
        "vscode-jsonrpc": {
          "version": "6.0.0",
          "resolved": "https://registry.npmjs.org/vscode-jsonrpc/-/vscode-jsonrpc-6.0.0.tgz",
          "integrity": "sha512-wnJA4BnEjOSyFMvjZdpiOwhSq9uDoK8e/kpRJDTaMYzwlkrhG1fwDIZI94CLsLzlCK5cIbMMtFlJlfR57Lavmg=="
        },
        "vscode-languageserver": {
          "version": "7.0.0",
          "resolved": "https://registry.npmjs.org/vscode-languageserver/-/vscode-languageserver-7.0.0.tgz",
          "integrity": "sha512-60HTx5ID+fLRcgdHfmz0LDZAXYEV68fzwG0JWwEPBode9NuMYTIxuYXPg4ngO8i8+Ou0lM7y6GzaYWbiDL0drw==",
          "requires": {
            "vscode-languageserver-protocol": "3.16.0"
          }
        },
        "vscode-languageserver-protocol": {
          "version": "3.16.0",
          "resolved": "https://registry.npmjs.org/vscode-languageserver-protocol/-/vscode-languageserver-protocol-3.16.0.tgz",
          "integrity": "sha512-sdeUoAawceQdgIfTI+sdcwkiK2KU+2cbEYA0agzM2uqaUy2UpnnGHtWTHVEtS0ES4zHU0eMFRGN+oQgDxlD66A==",
          "requires": {
            "vscode-jsonrpc": "6.0.0",
            "vscode-languageserver-types": "3.16.0"
          }
        },
        "vscode-languageserver-textdocument": {
          "version": "1.0.1",
          "resolved": "https://registry.npmjs.org/vscode-languageserver-textdocument/-/vscode-languageserver-textdocument-1.0.1.tgz",
          "integrity": "sha512-UIcJDjX7IFkck7cSkNNyzIz5FyvpQfY7sdzVy+wkKN/BLaD4DQ0ppXQrKePomCxTS7RrolK1I0pey0bG9eh8dA==",
          "dev": true
        },
        "vscode-languageserver-types": {
          "version": "3.16.0",
          "resolved": "https://registry.npmjs.org/vscode-languageserver-types/-/vscode-languageserver-types-3.16.0.tgz",
          "integrity": "sha512-k8luDIWJWyenLc5ToFQQMaSrqCHiLwyKPHKPQZ5zz21vM+vIVUSvsRpcbiECH4WR88K2XZqc4ScRcZ7nk/jbeA=="
        },
        "vscode-nls": {
          "version": "5.0.0",
          "resolved": "https://registry.npmjs.org/vscode-nls/-/vscode-nls-5.0.0.tgz",
          "integrity": "sha512-u0Lw+IYlgbEJFF6/qAqG2d1jQmJl0eyAGJHoAJqr2HT4M2BNuQYSEiSE75f52pXHSJm8AlTjnLLbBFPrdz2hpA==",
          "dev": true
        },
        "vscode-uri": {
          "version": "2.1.2",
          "resolved": "https://registry.npmjs.org/vscode-uri/-/vscode-uri-2.1.2.tgz",
          "integrity": "sha512-8TEXQxlldWAuIODdukIb+TR5s+9Ds40eSJrw+1iDDA9IFORPjMELarNQE3myz5XIkWWpdprmJjm1/SxMlWOC8A==",
          "dev": true
        }
      }
    },
    "command-exists": {
      "version": "1.2.6",
      "resolved": "https://registry.npmjs.org/command-exists/-/command-exists-1.2.6.tgz",
      "integrity": "sha512-Qst/zUUNmS/z3WziPxyqjrcz09pm+2Knbs5mAZL4VAE0sSrNY1/w8+/YxeHcoBTsO6iojA6BW7eFf27Eg2MRuw=="
    },
    "commander": {
      "version": "2.20.3",
      "resolved": "https://registry.npmjs.org/commander/-/commander-2.20.3.tgz",
      "integrity": "sha512-GpVkmM8vF2vQUkj2LvZmD35JxeJOLCwJ9cUkugyk2nuhbv3+mJvpLYYt+0+USMxE+oj+ey/lJEnhZw75x/OMcQ=="
    },
    "crypto-random-string": {
      "version": "1.0.0",
      "resolved": "https://registry.npmjs.org/crypto-random-string/-/crypto-random-string-1.0.0.tgz",
      "integrity": "sha1-ojD2T1aDEOFJgAmUB5DsmVRbyn4="
    },
    "emmet": {
      "version": "2.3.4",
      "resolved": "https://registry.npmjs.org/emmet/-/emmet-2.3.4.tgz",
      "integrity": "sha512-3IqSwmO+N2ZGeuhDyhV/TIOJFUbkChi53bcasSNRE7Yd+4eorbbYz4e53TpMECt38NtYkZNupQCZRlwdAYA42A==",
      "requires": {
        "@emmetio/abbreviation": "^2.2.2",
        "@emmetio/css-abbreviation": "^2.1.4"
      }
    },
    "fs-extra": {
      "version": "7.0.1",
      "resolved": "https://registry.npmjs.org/fs-extra/-/fs-extra-7.0.1.tgz",
      "integrity": "sha512-YJDaCJZEnBmcbw13fvdAM9AwNOJwOzrE4pqMqBq5nFiEqXUqHwlK4B+3pUw6JNvfSPtX05xFHtYy/1ni01eGCw==",
      "requires": {
        "graceful-fs": "^4.1.2",
        "jsonfile": "^4.0.0",
        "universalify": "^0.1.0"
      }
    },
    "graceful-fs": {
      "version": "4.2.6",
      "resolved": "https://registry.npmjs.org/graceful-fs/-/graceful-fs-4.2.6.tgz",
      "integrity": "sha512-nTnJ528pbqxYanhpDYsi4Rd8MAeaBA67+RZ10CM1m3bTAVFEDcd5AuA4a6W5YkGZ1iNXHzZz8T6TBKLeBuNriQ=="
    },
    "jsonc-parser": {
      "version": "2.3.1",
      "resolved": "https://registry.npmjs.org/jsonc-parser/-/jsonc-parser-2.3.1.tgz",
      "integrity": "sha512-H8jvkz1O50L3dMZCsLqiuB2tA7muqbSg1AtGEkN0leAqGjsUzDJir3Zwr02BhqdcITPg3ei3mZ+HjMocAknhhg=="
    },
    "jsonfile": {
      "version": "4.0.0",
      "resolved": "https://registry.npmjs.org/jsonfile/-/jsonfile-4.0.0.tgz",
      "integrity": "sha1-h3Gq4HmbZAdrdmQPygWPnBDjPss=",
      "requires": {
        "graceful-fs": "^4.1.6"
      }
    },
    "p-debounce": {
      "version": "1.0.0",
      "resolved": "https://registry.npmjs.org/p-debounce/-/p-debounce-1.0.0.tgz",
      "integrity": "sha1-y38svu/YegnrqGHhErZ1J+Yh4v0="
    },
    "temp-dir": {
      "version": "1.0.0",
      "resolved": "https://registry.npmjs.org/temp-dir/-/temp-dir-1.0.0.tgz",
      "integrity": "sha1-CnwOom06Oa+n4OvqnB/AvE2qAR0="
    },
    "tempy": {
      "version": "0.2.1",
      "resolved": "https://registry.npmjs.org/tempy/-/tempy-0.2.1.tgz",
      "integrity": "sha512-LB83o9bfZGrntdqPuRdanIVCPReam9SOZKW0fOy5I9X3A854GGWi0tjCqoXEk84XIEYBc/x9Hq3EFop/H5wJaw==",
      "requires": {
        "temp-dir": "^1.0.0",
        "unique-string": "^1.0.0"
      }
    },
    "typescript-language-server": {
      "version": "0.5.1",
      "resolved": "https://registry.npmjs.org/typescript-language-server/-/typescript-language-server-0.5.1.tgz",
      "integrity": "sha512-60Kguhwk/R1BB4pEIb6B9C7Ix7JzLzYnsODlmorYMPjMeEV0rCBqTR6FGAj4wVw/eHrHcpwLENmmURKUd8aybA==",
      "requires": {
        "command-exists": "1.2.6",
        "commander": "^2.11.0",
        "fs-extra": "^7.0.0",
        "p-debounce": "^1.0.0",
        "tempy": "^0.2.1",
        "vscode-languageserver": "^5.3.0-next",
        "vscode-uri": "^1.0.5"
      },
      "dependencies": {
        "vscode-languageserver": {
          "version": "5.3.0-next.10",
          "resolved": "https://registry.npmjs.org/vscode-languageserver/-/vscode-languageserver-5.3.0-next.10.tgz",
          "integrity": "sha512-QL7Fe1FT6PdLtVzwJeZ78pTic4eZbzLRy7yAQgPb9xalqqgZESR0+yDZPwJrM3E7PzOmwHBceYcJR54eQZ7Kng==",
          "requires": {
            "vscode-languageserver-protocol": "^3.15.0-next.8",
            "vscode-textbuffer": "^1.0.0"
          }
        },
        "vscode-uri": {
          "version": "1.0.8",
          "resolved": "https://registry.npmjs.org/vscode-uri/-/vscode-uri-1.0.8.tgz",
          "integrity": "sha512-obtSWTlbJ+a+TFRYGaUumtVwb+InIUVI0Lu0VBUAPmj2cU5JutEXg3xUE0c2J5Tcy7h2DEKVJBFi+Y9ZSFzzPQ=="
        }
      }
    },
    "unique-string": {
      "version": "1.0.0",
      "resolved": "https://registry.npmjs.org/unique-string/-/unique-string-1.0.0.tgz",
      "integrity": "sha1-nhBXzKhRq7kzmPizOuGHuZyuwRo=",
      "requires": {
        "crypto-random-string": "^1.0.0"
      }
    },
    "universalify": {
      "version": "0.1.2",
      "resolved": "https://registry.npmjs.org/universalify/-/universalify-0.1.2.tgz",
      "integrity": "sha512-rBJeI5CXAlmy1pV+617WB9J63U6XcazHHF2f2dbJix4XzpUF0RS3Zbj0FGIOCAva5P/d/GBOYaACQ1w+0azUkg=="
    },
    "vscode-emmet-helper": {
      "version": "2.1.2",
      "resolved": "https://registry.npmjs.org/vscode-emmet-helper/-/vscode-emmet-helper-2.1.2.tgz",
      "integrity": "sha512-Fy6UNawSgxE3Kuqi54vSXohf03iOIrp1A74ReAgzvGP9Yt7fUAvkqF6No2WAc34/w0oWAHAeqoBNqmKKWh6U5w==",
      "requires": {
        "emmet": "^2.1.5",
        "jsonc-parser": "^2.3.0",
        "vscode-languageserver-textdocument": "^1.0.1",
        "vscode-languageserver-types": "^3.15.1",
        "vscode-nls": "^5.0.0",
        "vscode-uri": "^2.1.2"
      },
      "dependencies": {
        "vscode-languageserver-types": {
          "version": "3.16.0",
          "resolved": "https://registry.npmjs.org/vscode-languageserver-types/-/vscode-languageserver-types-3.16.0.tgz",
          "integrity": "sha512-k8luDIWJWyenLc5ToFQQMaSrqCHiLwyKPHKPQZ5zz21vM+vIVUSvsRpcbiECH4WR88K2XZqc4ScRcZ7nk/jbeA=="
        }
      }
    },
    "vscode-html-languageservice": {
      "version": "3.2.0",
      "resolved": "https://registry.npmjs.org/vscode-html-languageservice/-/vscode-html-languageservice-3.2.0.tgz",
      "integrity": "sha512-aLWIoWkvb5HYTVE0kI9/u3P0ZAJGrYOSAAE6L0wqB9radKRtbJNrF9+BjSUFyCgBdNBE/GFExo35LoknQDJrfw==",
      "requires": {
        "vscode-languageserver-textdocument": "^1.0.1",
        "vscode-languageserver-types": "3.16.0-next.2",
        "vscode-nls": "^5.0.0",
        "vscode-uri": "^2.1.2"
      }
    },
    "vscode-jsonrpc": {
      "version": "6.0.0",
      "resolved": "https://registry.npmjs.org/vscode-jsonrpc/-/vscode-jsonrpc-6.0.0.tgz",
      "integrity": "sha512-wnJA4BnEjOSyFMvjZdpiOwhSq9uDoK8e/kpRJDTaMYzwlkrhG1fwDIZI94CLsLzlCK5cIbMMtFlJlfR57Lavmg=="
    },
    "vscode-languageserver": {
      "version": "6.1.1",
      "resolved": "https://registry.npmjs.org/vscode-languageserver/-/vscode-languageserver-6.1.1.tgz",
      "integrity": "sha512-DueEpkUAkD5XTR4MLYNr6bQIp/UFR0/IPApgXU3YfCBCB08u2sm9hRCs6DxYZELkk++STPjpcjksR2H8qI3cDQ==",
      "requires": {
        "vscode-languageserver-protocol": "^3.15.3"
      }
    },
    "vscode-languageserver-protocol": {
      "version": "3.16.0",
      "resolved": "https://registry.npmjs.org/vscode-languageserver-protocol/-/vscode-languageserver-protocol-3.16.0.tgz",
      "integrity": "sha512-sdeUoAawceQdgIfTI+sdcwkiK2KU+2cbEYA0agzM2uqaUy2UpnnGHtWTHVEtS0ES4zHU0eMFRGN+oQgDxlD66A==",
      "requires": {
        "vscode-jsonrpc": "6.0.0",
        "vscode-languageserver-types": "3.16.0"
      },
      "dependencies": {
        "vscode-languageserver-types": {
          "version": "3.16.0",
          "resolved": "https://registry.npmjs.org/vscode-languageserver-types/-/vscode-languageserver-types-3.16.0.tgz",
          "integrity": "sha512-k8luDIWJWyenLc5ToFQQMaSrqCHiLwyKPHKPQZ5zz21vM+vIVUSvsRpcbiECH4WR88K2XZqc4ScRcZ7nk/jbeA=="
        }
      }
    },
    "vscode-languageserver-textdocument": {
      "version": "1.0.1",
      "resolved": "https://registry.npmjs.org/vscode-languageserver-textdocument/-/vscode-languageserver-textdocument-1.0.1.tgz",
      "integrity": "sha512-UIcJDjX7IFkck7cSkNNyzIz5FyvpQfY7sdzVy+wkKN/BLaD4DQ0ppXQrKePomCxTS7RrolK1I0pey0bG9eh8dA=="
    },
    "vscode-languageserver-types": {
      "version": "3.16.0-next.2",
      "resolved": "https://registry.npmjs.org/vscode-languageserver-types/-/vscode-languageserver-types-3.16.0-next.2.tgz",
      "integrity": "sha512-QjXB7CKIfFzKbiCJC4OWC8xUncLsxo19FzGVp/ADFvvi87PlmBSCAtZI5xwGjF5qE0xkLf0jjKUn3DzmpDP52Q=="
    },
    "vscode-nls": {
      "version": "5.0.0",
      "resolved": "https://registry.npmjs.org/vscode-nls/-/vscode-nls-5.0.0.tgz",
      "integrity": "sha512-u0Lw+IYlgbEJFF6/qAqG2d1jQmJl0eyAGJHoAJqr2HT4M2BNuQYSEiSE75f52pXHSJm8AlTjnLLbBFPrdz2hpA=="
    },
    "vscode-textbuffer": {
      "version": "1.0.0",
      "resolved": "https://registry.npmjs.org/vscode-textbuffer/-/vscode-textbuffer-1.0.0.tgz",
      "integrity": "sha512-zPaHo4urgpwsm+PrJWfNakolRpryNja18SUip/qIIsfhuEqEIPEXMxHOlFPjvDC4JgTaimkncNW7UMXRJTY6ow=="
    },
    "vscode-uri": {
      "version": "2.1.2",
      "resolved": "https://registry.npmjs.org/vscode-uri/-/vscode-uri-2.1.2.tgz",
      "integrity": "sha512-8TEXQxlldWAuIODdukIb+TR5s+9Ds40eSJrw+1iDDA9IFORPjMELarNQE3myz5XIkWWpdprmJjm1/SxMlWOC8A=="
    }
  }
}
