{
  "name": "@astro-vscode/server",
  "version": "0.1.0",
  "lockfileVersion": 1,
  "requires": true,
  "dependencies": {
    "astro": {
      "version": "file:../..",
      "dev": true,
      "requires": {
        "typescript": "^4.2.3",
        "vscode-languageserver": "^7.0.0"
      },
      "dependencies": {
        "typescript": {
          "version": "4.2.3",
          "resolved": "https://registry.npmjs.org/typescript/-/typescript-4.2.3.tgz",
          "integrity": "sha512-qOcYwxaByStAWrBf4x0fibwZvMRG+r4cQoTjbPtUlrWjBHbmCAww1i448U0GJ+3cNNEtebDteo/cHOR3xJ4wEw==",
          "dev": true
        },
        "vscode-jsonrpc": {
          "version": "6.0.0",
          "resolved": "https://registry.npmjs.org/vscode-jsonrpc/-/vscode-jsonrpc-6.0.0.tgz",
          "integrity": "sha512-wnJA4BnEjOSyFMvjZdpiOwhSq9uDoK8e/kpRJDTaMYzwlkrhG1fwDIZI94CLsLzlCK5cIbMMtFlJlfR57Lavmg==",
          "dev": true
        },
        "vscode-languageserver": {
          "version": "7.0.0",
          "resolved": "https://registry.npmjs.org/vscode-languageserver/-/vscode-languageserver-7.0.0.tgz",
          "integrity": "sha512-60HTx5ID+fLRcgdHfmz0LDZAXYEV68fzwG0JWwEPBode9NuMYTIxuYXPg4ngO8i8+Ou0lM7y6GzaYWbiDL0drw==",
          "dev": true,
          "requires": {
            "vscode-languageserver-protocol": "3.16.0"
          }
        },
        "vscode-languageserver-protocol": {
          "version": "3.16.0",
          "resolved": "https://registry.npmjs.org/vscode-languageserver-protocol/-/vscode-languageserver-protocol-3.16.0.tgz",
          "integrity": "sha512-sdeUoAawceQdgIfTI+sdcwkiK2KU+2cbEYA0agzM2uqaUy2UpnnGHtWTHVEtS0ES4zHU0eMFRGN+oQgDxlD66A==",
          "dev": true,
          "requires": {
            "vscode-jsonrpc": "6.0.0",
            "vscode-languageserver-types": "3.16.0"
          }
        },
        "vscode-languageserver-types": {
          "version": "3.16.0",
          "resolved": "https://registry.npmjs.org/vscode-languageserver-types/-/vscode-languageserver-types-3.16.0.tgz",
          "integrity": "sha512-k8luDIWJWyenLc5ToFQQMaSrqCHiLwyKPHKPQZ5zz21vM+vIVUSvsRpcbiECH4WR88K2XZqc4ScRcZ7nk/jbeA==",
          "dev": true
        }
      }
    },
    "vscode-html-languageservice": {
      "version": "3.2.0",
      "resolved": "https://registry.npmjs.org/vscode-html-languageservice/-/vscode-html-languageservice-3.2.0.tgz",
      "integrity": "sha512-aLWIoWkvb5HYTVE0kI9/u3P0ZAJGrYOSAAE6L0wqB9radKRtbJNrF9+BjSUFyCgBdNBE/GFExo35LoknQDJrfw==",
      "requires": {
        "vscode-languageserver-textdocument": "^1.0.1",
        "vscode-languageserver-types": "3.16.0-next.2",
        "vscode-nls": "^5.0.0",
        "vscode-uri": "^2.1.2"
      }
    },
    "vscode-jsonrpc": {
      "version": "6.0.0",
      "resolved": "https://registry.npmjs.org/vscode-jsonrpc/-/vscode-jsonrpc-6.0.0.tgz",
      "integrity": "sha512-wnJA4BnEjOSyFMvjZdpiOwhSq9uDoK8e/kpRJDTaMYzwlkrhG1fwDIZI94CLsLzlCK5cIbMMtFlJlfR57Lavmg=="
    },
    "vscode-languageserver": {
      "version": "6.1.1",
      "resolved": "https://registry.npmjs.org/vscode-languageserver/-/vscode-languageserver-6.1.1.tgz",
      "integrity": "sha512-DueEpkUAkD5XTR4MLYNr6bQIp/UFR0/IPApgXU3YfCBCB08u2sm9hRCs6DxYZELkk++STPjpcjksR2H8qI3cDQ==",
      "requires": {
        "vscode-languageserver-protocol": "^3.15.3"
      }
    },
    "vscode-languageserver-protocol": {
      "version": "3.16.0",
      "resolved": "https://registry.npmjs.org/vscode-languageserver-protocol/-/vscode-languageserver-protocol-3.16.0.tgz",
      "integrity": "sha512-sdeUoAawceQdgIfTI+sdcwkiK2KU+2cbEYA0agzM2uqaUy2UpnnGHtWTHVEtS0ES4zHU0eMFRGN+oQgDxlD66A==",
      "requires": {
        "vscode-jsonrpc": "6.0.0",
        "vscode-languageserver-types": "3.16.0"
      },
      "dependencies": {
        "vscode-languageserver-types": {
          "version": "3.16.0",
          "resolved": "https://registry.npmjs.org/vscode-languageserver-types/-/vscode-languageserver-types-3.16.0.tgz",
          "integrity": "sha512-k8luDIWJWyenLc5ToFQQMaSrqCHiLwyKPHKPQZ5zz21vM+vIVUSvsRpcbiECH4WR88K2XZqc4ScRcZ7nk/jbeA=="
        }
      }
    },
    "vscode-languageserver-textdocument": {
      "version": "1.0.1",
      "resolved": "https://registry.npmjs.org/vscode-languageserver-textdocument/-/vscode-languageserver-textdocument-1.0.1.tgz",
      "integrity": "sha512-UIcJDjX7IFkck7cSkNNyzIz5FyvpQfY7sdzVy+wkKN/BLaD4DQ0ppXQrKePomCxTS7RrolK1I0pey0bG9eh8dA=="
    },
    "vscode-languageserver-types": {
      "version": "3.16.0-next.2",
      "resolved": "https://registry.npmjs.org/vscode-languageserver-types/-/vscode-languageserver-types-3.16.0-next.2.tgz",
      "integrity": "sha512-QjXB7CKIfFzKbiCJC4OWC8xUncLsxo19FzGVp/ADFvvi87PlmBSCAtZI5xwGjF5qE0xkLf0jjKUn3DzmpDP52Q=="
    },
    "vscode-nls": {
      "version": "5.0.0",
      "resolved": "https://registry.npmjs.org/vscode-nls/-/vscode-nls-5.0.0.tgz",
      "integrity": "sha512-u0Lw+IYlgbEJFF6/qAqG2d1jQmJl0eyAGJHoAJqr2HT4M2BNuQYSEiSE75f52pXHSJm8AlTjnLLbBFPrdz2hpA=="
    },
    "vscode-uri": {
      "version": "2.1.2",
      "resolved": "https://registry.npmjs.org/vscode-uri/-/vscode-uri-2.1.2.tgz",
      "integrity": "sha512-8TEXQxlldWAuIODdukIb+TR5s+9Ds40eSJrw+1iDDA9IFORPjMELarNQE3myz5XIkWWpdprmJjm1/SxMlWOC8A=="
    }
  }
}
