{
	"name": "astro",
	"version": "0.1.0",
	"lockfileVersion": 1,
	"requires": true,
	"dependencies": {
		"@astro-vscode/client": {
			"version": "file:packages/client",
			"dev": true,
			"requires": {
				"vscode-languageclient": "^7.1.0-next.4"
			}
		},
		"@astro-vscode/server": {
			"version": "file:packages/server",
			"dev": true,
			"requires": {
				"vscode-html-languageservice": "^3.0.3",
				"vscode-languageserver": "^6.1.1",
				"vscode-languageserver-textdocument": "^1.0.1"
			},
			"dependencies": {
				"astro": {
					"version": "0.1.0",
					"dependencies": {
						"@astro-vscode/client": {
							"version": "file:packages/client",
							"dev": true,
							"requires": {
								"vscode-languageclient": "^7.1.0-next.4"
							}
						}
					}
				},
				"vscode-html-languageservice": {
					"version": "3.2.0",
					"resolved": "https://registry.npmjs.org/vscode-html-languageservice/-/vscode-html-languageservice-3.2.0.tgz",
					"integrity": "sha512-aLWIoWkvb5HYTVE0kI9/u3P0ZAJGrYOSAAE6L0wqB9radKRtbJNrF9+BjSUFyCgBdNBE/GFExo35LoknQDJrfw==",
					"dev": true,
					"requires": {
						"vscode-languageserver-textdocument": "^1.0.1",
						"vscode-languageserver-types": "3.16.0-next.2",
						"vscode-nls": "^5.0.0",
						"vscode-uri": "^2.1.2"
					}
				},
				"vscode-jsonrpc": {
					"version": "6.0.0",
					"resolved": "https://registry.npmjs.org/vscode-jsonrpc/-/vscode-jsonrpc-6.0.0.tgz",
					"integrity": "sha512-wnJA4BnEjOSyFMvjZdpiOwhSq9uDoK8e/kpRJDTaMYzwlkrhG1fwDIZI94CLsLzlCK5cIbMMtFlJlfR57Lavmg==",
					"dev": true
				},
				"vscode-languageserver": {
					"version": "6.1.1",
					"resolved": "https://registry.npmjs.org/vscode-languageserver/-/vscode-languageserver-6.1.1.tgz",
					"integrity": "sha512-DueEpkUAkD5XTR4MLYNr6bQIp/UFR0/IPApgXU3YfCBCB08u2sm9hRCs6DxYZELkk++STPjpcjksR2H8qI3cDQ==",
					"dev": true,
					"requires": {
						"vscode-languageserver-protocol": "^3.15.3"
					}
				},
				"vscode-languageserver-protocol": {
					"version": "3.16.0",
					"resolved": "https://registry.npmjs.org/vscode-languageserver-protocol/-/vscode-languageserver-protocol-3.16.0.tgz",
					"integrity": "sha512-sdeUoAawceQdgIfTI+sdcwkiK2KU+2cbEYA0agzM2uqaUy2UpnnGHtWTHVEtS0ES4zHU0eMFRGN+oQgDxlD66A==",
					"dev": true,
					"requires": {
						"vscode-jsonrpc": "6.0.0",
						"vscode-languageserver-types": "3.16.0"
					},
					"dependencies": {
						"vscode-languageserver-types": {
							"version": "3.16.0",
							"resolved": "https://registry.npmjs.org/vscode-languageserver-types/-/vscode-languageserver-types-3.16.0.tgz",
							"integrity": "sha512-k8luDIWJWyenLc5ToFQQMaSrqCHiLwyKPHKPQZ5zz21vM+vIVUSvsRpcbiECH4WR88K2XZqc4ScRcZ7nk/jbeA==",
							"dev": true
						}
					}
				},
				"vscode-languageserver-textdocument": {
					"version": "1.0.1",
					"resolved": "https://registry.npmjs.org/vscode-languageserver-textdocument/-/vscode-languageserver-textdocument-1.0.1.tgz",
					"integrity": "sha512-UIcJDjX7IFkck7cSkNNyzIz5FyvpQfY7sdzVy+wkKN/BLaD4DQ0ppXQrKePomCxTS7RrolK1I0pey0bG9eh8dA==",
					"dev": true
				},
				"vscode-languageserver-types": {
					"version": "3.16.0-next.2",
					"resolved": "https://registry.npmjs.org/vscode-languageserver-types/-/vscode-languageserver-types-3.16.0-next.2.tgz",
					"integrity": "sha512-QjXB7CKIfFzKbiCJC4OWC8xUncLsxo19FzGVp/ADFvvi87PlmBSCAtZI5xwGjF5qE0xkLf0jjKUn3DzmpDP52Q==",
					"dev": true
				},
				"vscode-nls": {
					"version": "5.0.0",
					"resolved": "https://registry.npmjs.org/vscode-nls/-/vscode-nls-5.0.0.tgz",
					"integrity": "sha512-u0Lw+IYlgbEJFF6/qAqG2d1jQmJl0eyAGJHoAJqr2HT4M2BNuQYSEiSE75f52pXHSJm8AlTjnLLbBFPrdz2hpA==",
					"dev": true
				},
				"vscode-uri": {
					"version": "2.1.2",
					"resolved": "https://registry.npmjs.org/vscode-uri/-/vscode-uri-2.1.2.tgz",
					"integrity": "sha512-8TEXQxlldWAuIODdukIb+TR5s+9Ds40eSJrw+1iDDA9IFORPjMELarNQE3myz5XIkWWpdprmJjm1/SxMlWOC8A==",
					"dev": true
				}
			}
		},
		"balanced-match": {
			"version": "1.0.0",
			"resolved": "https://registry.npmjs.org/balanced-match/-/balanced-match-1.0.0.tgz",
			"integrity": "sha1-ibTRmasr7kneFk6gK4nORi1xt2c=",
			"dev": true
		},
		"brace-expansion": {
			"version": "1.1.11",
			"resolved": "https://registry.npmjs.org/brace-expansion/-/brace-expansion-1.1.11.tgz",
			"integrity": "sha512-iCuPHDFgrHX7H2vEI/5xpz07zSHB00TpugqhmYtVmMO6518mCuRMoOYFldEBl0g187ufozdaHgWKcYFb61qGiA==",
			"dev": true,
			"requires": {
				"balanced-match": "^1.0.0",
				"concat-map": "0.0.1"
			}
		},
		"concat-map": {
			"version": "0.0.1",
			"resolved": "https://registry.npmjs.org/concat-map/-/concat-map-0.0.1.tgz",
			"integrity": "sha1-2Klr13/Wjfd5OnMDajug1UBdR3s=",
			"dev": true
		},
		"esbuild": {
			"version": "0.10.0",
			"resolved": "https://registry.npmjs.org/esbuild/-/esbuild-0.10.0.tgz",
			"integrity": "sha512-g+/Fk18bP7GAx0eG2RTfvjbsdB6RSchvvrrokFX8UexrTtPo0ZF0R1KViUu5v0A4Uu8m3I7pZhEyZveiOk0/JA==",
			"dev": true
		},
		"lru-cache": {
			"version": "6.0.0",
			"resolved": "https://registry.npmjs.org/lru-cache/-/lru-cache-6.0.0.tgz",
			"integrity": "sha512-Jo6dJ04CmSjuznwJSS3pUeWmd/H0ffTlkXXgwZi+eq1UCmqQwCh+eLsYOYCwY991i2Fah4h1BEMCx4qThGbsiA==",
			"dev": true,
			"requires": {
				"yallist": "^4.0.0"
			}
		},
		"minimatch": {
			"version": "3.0.4",
			"resolved": "https://registry.npmjs.org/minimatch/-/minimatch-3.0.4.tgz",
			"integrity": "sha512-yJHVQEhyqPLUTgt9B83PXu6W3rx4MvvHvSUvToogpwoGDOUQ+yDrR0HRot+yOCdCO7u4hX3pWft6kWBBcqh0UA==",
			"dev": true,
			"requires": {
				"brace-expansion": "^1.1.7"
			}
		},
		"semver": {
			"version": "7.3.5",
			"resolved": "https://registry.npmjs.org/semver/-/semver-7.3.5.tgz",
			"integrity": "sha512-PoeGJYh8HK4BTO/a9Tf6ZG3veo/A7ZVsYrSA6J8ny9nb3B1VrpkuN+z9OE5wfE5p6H4LchYZsegiQgbJD94ZFQ==",
			"dev": true,
			"requires": {
				"lru-cache": "^6.0.0"
			}
		},
		"vscode-html-languageservice": {
			"version": "3.2.0",
			"resolved": "https://registry.npmjs.org/vscode-html-languageservice/-/vscode-html-languageservice-3.2.0.tgz",
			"integrity": "sha512-aLWIoWkvb5HYTVE0kI9/u3P0ZAJGrYOSAAE6L0wqB9radKRtbJNrF9+BjSUFyCgBdNBE/GFExo35LoknQDJrfw==",
			"requires": {
				"vscode-languageserver-textdocument": "^1.0.1",
				"vscode-languageserver-types": "3.16.0-next.2",
				"vscode-nls": "^5.0.0",
				"vscode-uri": "^2.1.2"
			},
			"dependencies": {
				"vscode-languageserver-types": {
					"version": "3.16.0-next.2",
					"resolved": "https://registry.npmjs.org/vscode-languageserver-types/-/vscode-languageserver-types-3.16.0-next.2.tgz",
					"integrity": "sha512-QjXB7CKIfFzKbiCJC4OWC8xUncLsxo19FzGVp/ADFvvi87PlmBSCAtZI5xwGjF5qE0xkLf0jjKUn3DzmpDP52Q=="
				}
			}
		},
		"vscode-jsonrpc": {
			"version": "6.1.0-next.2",
			"resolved": "https://registry.npmjs.org/vscode-jsonrpc/-/vscode-jsonrpc-6.1.0-next.2.tgz",
			"integrity": "sha512-nkiNDGI+Ytp7uj1lxHXddXCoEunhcry1D+KmVHBfUUgWT9jMF8ZJyH5KQObdF+OGAh7bXZxD/SV4uGwSCeHHWA==",
			"dev": true
		},
		"vscode-languageclient": {
			"version": "7.1.0-next.4",
			"resolved": "https://registry.npmjs.org/vscode-languageclient/-/vscode-languageclient-7.1.0-next.4.tgz",
			"integrity": "sha512-Gal+DvbI1KIwO1z90MvSnghMCVBCGlwdpOVIS0Hhmep7rjHUOwuC5Df7YlVkpzfPm+RCRyZQnUSJ19VNrnxxhA==",
			"dev": true,
			"requires": {
				"minimatch": "^3.0.4",
				"semver": "^7.3.4",
				"vscode-languageserver-protocol": "3.17.0-next.5"
			}
		},
		"vscode-languageserver-protocol": {
			"version": "3.17.0-next.5",
			"resolved": "https://registry.npmjs.org/vscode-languageserver-protocol/-/vscode-languageserver-protocol-3.17.0-next.5.tgz",
			"integrity": "sha512-LFZ6WMB3iPezQAU9OnGoERzcIVKhcs0OLfD/NHcqSj3g1wgxuLUL5kSlZbbjFySQCmhzm6b0yb3hjTSeBtq1+w==",
			"dev": true,
			"requires": {
				"vscode-jsonrpc": "6.1.0-next.2",
				"vscode-languageserver-types": "3.17.0-next.1"
			}
		},
		"vscode-languageserver-textdocument": {
			"version": "1.0.1",
			"resolved": "https://registry.npmjs.org/vscode-languageserver-textdocument/-/vscode-languageserver-textdocument-1.0.1.tgz",
			"integrity": "sha512-UIcJDjX7IFkck7cSkNNyzIz5FyvpQfY7sdzVy+wkKN/BLaD4DQ0ppXQrKePomCxTS7RrolK1I0pey0bG9eh8dA=="
		},
		"vscode-languageserver-types": {
			"version": "3.17.0-next.1",
			"resolved": "https://registry.npmjs.org/vscode-languageserver-types/-/vscode-languageserver-types-3.17.0-next.1.tgz",
			"integrity": "sha512-VGzh06oynbYa6JbTKUbxOEZN7CYEtWhN7DK5wfzUpeCJl8X8xZX39g2PVfpqXrIEduu7dcJgK007KgnX9tHNKA==",
			"dev": true
		},
		"vscode-nls": {
			"version": "5.0.0",
			"resolved": "https://registry.npmjs.org/vscode-nls/-/vscode-nls-5.0.0.tgz",
			"integrity": "sha512-u0Lw+IYlgbEJFF6/qAqG2d1jQmJl0eyAGJHoAJqr2HT4M2BNuQYSEiSE75f52pXHSJm8AlTjnLLbBFPrdz2hpA=="
		},
		"vscode-uri": {
			"version": "2.1.2",
			"resolved": "https://registry.npmjs.org/vscode-uri/-/vscode-uri-2.1.2.tgz",
			"integrity": "sha512-8TEXQxlldWAuIODdukIb+TR5s+9Ds40eSJrw+1iDDA9IFORPjMELarNQE3myz5XIkWWpdprmJjm1/SxMlWOC8A=="
		},
		"yallist": {
			"version": "4.0.0",
			"resolved": "https://registry.npmjs.org/yallist/-/yallist-4.0.0.tgz",
			"integrity": "sha512-3wdGidZyq5PB084XLES5TpOSRA3wjXAlIWMhum2kRcv/41Sn2emQ0dycQW4uZXLejwKvg6EsvbdlVL+FYEct7A==",
			"dev": true
		}
	}
}
