{
    "name": "astro-scripts",
    "requires": true,
    "lockfileVersion": 1,
    "dependencies": {
        "esbuild": {
            "version": "0.11.16",
            "resolved": "https://registry.npmjs.org/esbuild/-/esbuild-0.11.16.tgz",
            "integrity": "sha512-34ZWjo4ouvM5cDe7uRoM9GFuMyEmpH9fnVYmomvS1cq9ED9d/0ZG1r+p4P2VbX7ihjv36zA2SWTmP8Zmt/EANA=="
        }
    }
}
