{
 "name": "@astro-vscode/client",
 "version": "0.1.0",
 "lockfileVersion": 1,
 "requires": true,
 "dependencies": {
  "@types/vscode": {
   "version": "1.54.0",
   "resolved": "https://registry.npmjs.org/@types/vscode/-/vscode-1.54.0.tgz",
   "integrity": "sha512-sHHw9HG4bTrnKhLGgmEiOS88OLO/2RQytUN4COX9Djv81zc0FSZsSiYaVyjNidDzUSpXsySKBkZ31lk2/FbdCg==",
   "dev": true
  },
  "balanced-match": {
   "version": "1.0.0",
   "resolved": "https://registry.npmjs.org/balanced-match/-/balanced-match-1.0.0.tgz",
   "integrity": "sha1-ibTRmasr7kneFk6gK4nORi1xt2c="
  },
  "brace-expansion": {
   "version": "1.1.11",
   "resolved": "https://registry.npmjs.org/brace-expansion/-/brace-expansion-1.1.11.tgz",
   "integrity": "sha512-iCuPHDFgrHX7H2vEI/5xpz07zSHB00TpugqhmYtVmMO6518mCuRMoOYFldEBl0g187ufozdaHgWKcYFb61qGiA==",
   "requires": {
    "balanced-match": "^1.0.0",
    "concat-map": "0.0.1"
   }
  },
  "concat-map": {
   "version": "0.0.1",
   "resolved": "https://registry.npmjs.org/concat-map/-/concat-map-0.0.1.tgz",
   "integrity": "sha1-2Klr13/Wjfd5OnMDajug1UBdR3s="
  },
  "lru-cache": {
   "version": "6.0.0",
   "resolved": "https://registry.npmjs.org/lru-cache/-/lru-cache-6.0.0.tgz",
   "integrity": "sha512-Jo6dJ04CmSjuznwJSS3pUeWmd/H0ffTlkXXgwZi+eq1UCmqQwCh+eLsYOYCwY991i2Fah4h1BEMCx4qThGbsiA==",
   "requires": {
    "yallist": "^4.0.0"
   }
  },
  "minimatch": {
   "version": "3.0.4",
   "resolved": "https://registry.npmjs.org/minimatch/-/minimatch-3.0.4.tgz",
   "integrity": "sha512-yJHVQEhyqPLUTgt9B83PXu6W3rx4MvvHvSUvToogpwoGDOUQ+yDrR0HRot+yOCdCO7u4hX3pWft6kWBBcqh0UA==",
   "requires": {
    "brace-expansion": "^1.1.7"
   }
  },
  "semver": {
   "version": "7.3.5",
   "resolved": "https://registry.npmjs.org/semver/-/semver-7.3.5.tgz",
   "integrity": "sha512-PoeGJYh8HK4BTO/a9Tf6ZG3veo/A7ZVsYrSA6J8ny9nb3B1VrpkuN+z9OE5wfE5p6H4LchYZsegiQgbJD94ZFQ==",
   "requires": {
    "lru-cache": "^6.0.0"
   }
  },
  "vscode-jsonrpc": {
   "version": "6.1.0-next.2",
   "resolved": "https://registry.npmjs.org/vscode-jsonrpc/-/vscode-jsonrpc-6.1.0-next.2.tgz",
   "integrity": "sha512-nkiNDGI+Ytp7uj1lxHXddXCoEunhcry1D+KmVHBfUUgWT9jMF8ZJyH5KQObdF+OGAh7bXZxD/SV4uGwSCeHHWA=="
  },
  "vscode-languageclient": {
   "version": "7.1.0-next.4",
   "resolved": "https://registry.npmjs.org/vscode-languageclient/-/vscode-languageclient-7.1.0-next.4.tgz",
   "integrity": "sha512-Gal+DvbI1KIwO1z90MvSnghMCVBCGlwdpOVIS0Hhmep7rjHUOwuC5Df7YlVkpzfPm+RCRyZQnUSJ19VNrnxxhA==",
   "requires": {
    "minimatch": "^3.0.4",
    "semver": "^7.3.4",
    "vscode-languageserver-protocol": "3.17.0-next.5"
   }
  },
  "vscode-languageserver-protocol": {
   "version": "3.17.0-next.5",
   "resolved": "https://registry.npmjs.org/vscode-languageserver-protocol/-/vscode-languageserver-protocol-3.17.0-next.5.tgz",
   "integrity": "sha512-LFZ6WMB3iPezQAU9OnGoERzcIVKhcs0OLfD/NHcqSj3g1wgxuLUL5kSlZbbjFySQCmhzm6b0yb3hjTSeBtq1+w==",
   "requires": {
    "vscode-jsonrpc": "6.1.0-next.2",
    "vscode-languageserver-types": "3.17.0-next.1"
   }
  },
  "vscode-languageserver-types": {
   "version": "3.17.0-next.1",
   "resolved": "https://registry.npmjs.org/vscode-languageserver-types/-/vscode-languageserver-types-3.17.0-next.1.tgz",
   "integrity": "sha512-VGzh06oynbYa6JbTKUbxOEZN7CYEtWhN7DK5wfzUpeCJl8X8xZX39g2PVfpqXrIEduu7dcJgK007KgnX9tHNKA=="
  },
  "yallist": {
   "version": "4.0.0",
   "resolved": "https://registry.npmjs.org/yallist/-/yallist-4.0.0.tgz",
   "integrity": "sha512-3wdGidZyq5PB084XLES5TpOSRA3wjXAlIWMhum2kRcv/41Sn2emQ0dycQW4uZXLejwKvg6EsvbdlVL+FYEct7A=="
  }
 }
}
